
Microsoft Visual Studio Solution File, Format Version 12.00
# Visual Studio Version 17
VisualStudioVersion = 17.0.31903.59
MinimumVisualStudioVersion = 10.0.40219.1
Project("{2150E333-8FDC-42A3-9474-1A3956D46DE8}") = "src", "src", "{827E0CD3-B72D-47B6-A68D-7590B98EB39B}"
EndProject
Project("{FAE04EC0-301F-11D3-BF4B-00C04F79EFBC}") = "Pots.Domain", "src\Pots.Domain\Pots.Domain.csproj", "{0A3A60FC-4CF6-40F5-99E3-3CDF64E592BC}"
EndProject
Project("{FAE04EC0-301F-11D3-BF4B-00C04F79EFBC}") = "Pots.Infrastructure", "src\Pots.Infrastructure\Pots.Infrastructure.csproj", "{8FC3F8E8-BCAA-4091-9760-B324C91EA257}"
EndProject
Project("{FAE04EC0-301F-11D3-BF4B-00C04F79EFBC}") = "Pots.Shared", "src\Pots.Shared\Pots.Shared.csproj", "{49D49885-7ECE-4404-B2F0-CACE45F527EA}"
EndProject
Project("{FAE04EC0-301F-11D3-BF4B-00C04F79EFBC}") = "Pots.Api", "src\Pots.Api\Pots.Api.csproj", "{5E6E63FA-F836-45C8-8441-F5CF1FF5765D}"
EndProject
Project("{FAE04EC0-301F-11D3-BF4B-00C04F79EFBC}") = "Pots.Client", "src\Pots.Client\Pots.Client.csproj", "{3CB0C356-06A0-42B3-84A4-C9A0B54D50F8}"
EndProject
Project("{2150E333-8FDC-42A3-9474-1A3956D46DE8}") = "tests", "tests", "{0AB3BF05-4346-4AA6-1389-037BE0695223}"
EndProject
Project("{FAE04EC0-301F-11D3-BF4B-00C04F79EFBC}") = "Pots.Domain.Tests", "tests\Pots.Domain.Tests\Pots.Domain.Tests.csproj", "{56B4469A-38BD-44C0-9DF2-88AAF0AD11A0}"
EndProject
Project("{FAE04EC0-301F-11D3-BF4B-00C04F79EFBC}") = "Pots.Infrastructure.Tests", "tests\Pots.Infrastructure.Tests\Pots.Infrastructure.Tests.csproj", "{2F5BCC8F-E5BD-43BA-A2F5-0253E3D7CE73}"
EndProject
Project("{FAE04EC0-301F-11D3-BF4B-00C04F79EFBC}") = "Pots.Api.Tests", "tests\Pots.Api.Tests\Pots.Api.Tests.csproj", "{FF4AF896-149A-4E2A-A1F3-9A704DC1B65A}"
EndProject
Global
	GlobalSection(SolutionConfigurationPlatforms) = preSolution
		Debug|Any CPU = Debug|Any CPU
		Debug|x64 = Debug|x64
		Debug|x86 = Debug|x86
		Release|Any CPU = Release|Any CPU
		Release|x64 = Release|x64
		Release|x86 = Release|x86
	EndGlobalSection
	GlobalSection(ProjectConfigurationPlatforms) = postSolution
		{0A3A60FC-4CF6-40F5-99E3-3CDF64E592BC}.Debug|Any CPU.ActiveCfg = Debug|Any CPU
		{0A3A60FC-4CF6-40F5-99E3-3CDF64E592BC}.Debug|Any CPU.Build.0 = Debug|Any CPU
		{0A3A60FC-4CF6-40F5-99E3-3CDF64E592BC}.Debug|x64.ActiveCfg = Debug|Any CPU
		{0A3A60FC-4CF6-40F5-99E3-3CDF64E592BC}.Debug|x64.Build.0 = Debug|Any CPU
		{0A3A60FC-4CF6-40F5-99E3-3CDF64E592BC}.Debug|x86.ActiveCfg = Debug|Any CPU
		{0A3A60FC-4CF6-40F5-99E3-3CDF64E592BC}.Debug|x86.Build.0 = Debug|Any CPU
		{0A3A60FC-4CF6-40F5-99E3-3CDF64E592BC}.Release|Any CPU.ActiveCfg = Release|Any CPU
		{0A3A60FC-4CF6-40F5-99E3-3CDF64E592BC}.Release|Any CPU.Build.0 = Release|Any CPU
		{0A3A60FC-4CF6-40F5-99E3-3CDF64E592BC}.Release|x64.ActiveCfg = Release|Any CPU
		{0A3A60FC-4CF6-40F5-99E3-3CDF64E592BC}.Release|x64.Build.0 = Release|Any CPU
		{0A3A60FC-4CF6-40F5-99E3-3CDF64E592BC}.Release|x86.ActiveCfg = Release|Any CPU
		{0A3A60FC-4CF6-40F5-99E3-3CDF64E592BC}.Release|x86.Build.0 = Release|Any CPU
		{8FC3F8E8-BCAA-4091-9760-B324C91EA257}.Debug|Any CPU.ActiveCfg = Debug|Any CPU
		{8FC3F8E8-BCAA-4091-9760-B324C91EA257}.Debug|Any CPU.Build.0 = Debug|Any CPU
		{8FC3F8E8-BCAA-4091-9760-B324C91EA257}.Debug|x64.ActiveCfg = Debug|Any CPU
		{8FC3F8E8-BCAA-4091-9760-B324C91EA257}.Debug|x64.Build.0 = Debug|Any CPU
		{8FC3F8E8-BCAA-4091-9760-B324C91EA257}.Debug|x86.ActiveCfg = Debug|Any CPU
		{8FC3F8E8-BCAA-4091-9760-B324C91EA257}.Debug|x86.Build.0 = Debug|Any CPU
		{8FC3F8E8-BCAA-4091-9760-B324C91EA257}.Release|Any CPU.ActiveCfg = Release|Any CPU
		{8FC3F8E8-BCAA-4091-9760-B324C91EA257}.Release|Any CPU.Build.0 = Release|Any CPU
		{8FC3F8E8-BCAA-4091-9760-B324C91EA257}.Release|x64.ActiveCfg = Release|Any CPU
		{8FC3F8E8-BCAA-4091-9760-B324C91EA257}.Release|x64.Build.0 = Release|Any CPU
		{8FC3F8E8-BCAA-4091-9760-B324C91EA257}.Release|x86.ActiveCfg = Release|Any CPU
		{8FC3F8E8-BCAA-4091-9760-B324C91EA257}.Release|x86.Build.0 = Release|Any CPU
		{49D49885-7ECE-4404-B2F0-CACE45F527EA}.Debug|Any CPU.ActiveCfg = Debug|Any CPU
		{49D49885-7ECE-4404-B2F0-CACE45F527EA}.Debug|Any CPU.Build.0 = Debug|Any CPU
		{49D49885-7ECE-4404-B2F0-CACE45F527EA}.Debug|x64.ActiveCfg = Debug|Any CPU
		{49D49885-7ECE-4404-B2F0-CACE45F527EA}.Debug|x64.Build.0 = Debug|Any CPU
		{49D49885-7ECE-4404-B2F0-CACE45F527EA}.Debug|x86.ActiveCfg = Debug|Any CPU
		{49D49885-7ECE-4404-B2F0-CACE45F527EA}.Debug|x86.Build.0 = Debug|Any CPU
		{49D49885-7ECE-4404-B2F0-CACE45F527EA}.Release|Any CPU.ActiveCfg = Release|Any CPU
		{49D49885-7ECE-4404-B2F0-CACE45F527EA}.Release|Any CPU.Build.0 = Release|Any CPU
		{49D49885-7ECE-4404-B2F0-CACE45F527EA}.Release|x64.ActiveCfg = Release|Any CPU
		{49D49885-7ECE-4404-B2F0-CACE45F527EA}.Release|x64.Build.0 = Release|Any CPU
		{49D49885-7ECE-4404-B2F0-CACE45F527EA}.Release|x86.ActiveCfg = Release|Any CPU
		{49D49885-7ECE-4404-B2F0-CACE45F527EA}.Release|x86.Build.0 = Release|Any CPU
		{5E6E63FA-F836-45C8-8441-F5CF1FF5765D}.Debug|Any CPU.ActiveCfg = Debug|Any CPU
		{5E6E63FA-F836-45C8-8441-F5CF1FF5765D}.Debug|Any CPU.Build.0 = Debug|Any CPU
		{5E6E63FA-F836-45C8-8441-F5CF1FF5765D}.Debug|x64.ActiveCfg = Debug|Any CPU
		{5E6E63FA-F836-45C8-8441-F5CF1FF5765D}.Debug|x64.Build.0 = Debug|Any CPU
		{5E6E63FA-F836-45C8-8441-F5CF1FF5765D}.Debug|x86.ActiveCfg = Debug|Any CPU
		{5E6E63FA-F836-45C8-8441-F5CF1FF5765D}.Debug|x86.Build.0 = Debug|Any CPU
		{5E6E63FA-F836-45C8-8441-F5CF1FF5765D}.Release|Any CPU.ActiveCfg = Release|Any CPU
		{5E6E63FA-F836-45C8-8441-F5CF1FF5765D}.Release|Any CPU.Build.0 = Release|Any CPU
		{5E6E63FA-F836-45C8-8441-F5CF1FF5765D}.Release|x64.ActiveCfg = Release|Any CPU
		{5E6E63FA-F836-45C8-8441-F5CF1FF5765D}.Release|x64.Build.0 = Release|Any CPU
		{5E6E63FA-F836-45C8-8441-F5CF1FF5765D}.Release|x86.ActiveCfg = Release|Any CPU
		{5E6E63FA-F836-45C8-8441-F5CF1FF5765D}.Release|x86.Build.0 = Release|Any CPU
		{3CB0C356-06A0-42B3-84A4-C9A0B54D50F8}.Debug|Any CPU.ActiveCfg = Debug|Any CPU
		{3CB0C356-06A0-42B3-84A4-C9A0B54D50F8}.Debug|Any CPU.Build.0 = Debug|Any CPU
		{3CB0C356-06A0-42B3-84A4-C9A0B54D50F8}.Debug|x64.ActiveCfg = Debug|Any CPU
		{3CB0C356-06A0-42B3-84A4-C9A0B54D50F8}.Debug|x64.Build.0 = Debug|Any CPU
		{3CB0C356-06A0-42B3-84A4-C9A0B54D50F8}.Debug|x86.ActiveCfg = Debug|Any CPU
		{3CB0C356-06A0-42B3-84A4-C9A0B54D50F8}.Debug|x86.Build.0 = Debug|Any CPU
		{3CB0C356-06A0-42B3-84A4-C9A0B54D50F8}.Release|Any CPU.ActiveCfg = Release|Any CPU
		{3CB0C356-06A0-42B3-84A4-C9A0B54D50F8}.Release|Any CPU.Build.0 = Release|Any CPU
		{3CB0C356-06A0-42B3-84A4-C9A0B54D50F8}.Release|x64.ActiveCfg = Release|Any CPU
		{3CB0C356-06A0-42B3-84A4-C9A0B54D50F8}.Release|x64.Build.0 = Release|Any CPU
		{3CB0C356-06A0-42B3-84A4-C9A0B54D50F8}.Release|x86.ActiveCfg = Release|Any CPU
		{3CB0C356-06A0-42B3-84A4-C9A0B54D50F8}.Release|x86.Build.0 = Release|Any CPU
		{56B4469A-38BD-44C0-9DF2-88AAF0AD11A0}.Debug|Any CPU.ActiveCfg = Debug|Any CPU
		{56B4469A-38BD-44C0-9DF2-88AAF0AD11A0}.Debug|Any CPU.Build.0 = Debug|Any CPU
		{56B4469A-38BD-44C0-9DF2-88AAF0AD11A0}.Debug|x64.ActiveCfg = Debug|Any CPU
		{56B4469A-38BD-44C0-9DF2-88AAF0AD11A0}.Debug|x64.Build.0 = Debug|Any CPU
		{56B4469A-38BD-44C0-9DF2-88AAF0AD11A0}.Debug|x86.ActiveCfg = Debug|Any CPU
		{56B4469A-38BD-44C0-9DF2-88AAF0AD11A0}.Debug|x86.Build.0 = Debug|Any CPU
		{56B4469A-38BD-44C0-9DF2-88AAF0AD11A0}.Release|Any CPU.ActiveCfg = Release|Any CPU
		{56B4469A-38BD-44C0-9DF2-88AAF0AD11A0}.Release|Any CPU.Build.0 = Release|Any CPU
		{56B4469A-38BD-44C0-9DF2-88AAF0AD11A0}.Release|x64.ActiveCfg = Release|Any CPU
		{56B4469A-38BD-44C0-9DF2-88AAF0AD11A0}.Release|x64.Build.0 = Release|Any CPU
		{56B4469A-38BD-44C0-9DF2-88AAF0AD11A0}.Release|x86.ActiveCfg = Release|Any CPU
		{56B4469A-38BD-44C0-9DF2-88AAF0AD11A0}.Release|x86.Build.0 = Release|Any CPU
		{2F5BCC8F-E5BD-43BA-A2F5-0253E3D7CE73}.Debug|Any CPU.ActiveCfg = Debug|Any CPU
		{2F5BCC8F-E5BD-43BA-A2F5-0253E3D7CE73}.Debug|Any CPU.Build.0 = Debug|Any CPU
		{2F5BCC8F-E5BD-43BA-A2F5-0253E3D7CE73}.Debug|x64.ActiveCfg = Debug|Any CPU
		{2F5BCC8F-E5BD-43BA-A2F5-0253E3D7CE73}.Debug|x64.Build.0 = Debug|Any CPU
		{2F5BCC8F-E5BD-43BA-A2F5-0253E3D7CE73}.Debug|x86.ActiveCfg = Debug|Any CPU
		{2F5BCC8F-E5BD-43BA-A2F5-0253E3D7CE73}.Debug|x86.Build.0 = Debug|Any CPU
		{2F5BCC8F-E5BD-43BA-A2F5-0253E3D7CE73}.Release|Any CPU.ActiveCfg = Release|Any CPU
		{2F5BCC8F-E5BD-43BA-A2F5-0253E3D7CE73}.Release|Any CPU.Build.0 = Release|Any CPU
		{2F5BCC8F-E5BD-43BA-A2F5-0253E3D7CE73}.Release|x64.ActiveCfg = Release|Any CPU
		{2F5BCC8F-E5BD-43BA-A2F5-0253E3D7CE73}.Release|x64.Build.0 = Release|Any CPU
		{2F5BCC8F-E5BD-43BA-A2F5-0253E3D7CE73}.Release|x86.ActiveCfg = Release|Any CPU
		{2F5BCC8F-E5BD-43BA-A2F5-0253E3D7CE73}.Release|x86.Build.0 = Release|Any CPU
		{FF4AF896-149A-4E2A-A1F3-9A704DC1B65A}.Debug|Any CPU.ActiveCfg = Debug|Any CPU
		{FF4AF896-149A-4E2A-A1F3-9A704DC1B65A}.Debug|Any CPU.Build.0 = Debug|Any CPU
		{FF4AF896-149A-4E2A-A1F3-9A704DC1B65A}.Debug|x64.ActiveCfg = Debug|Any CPU
		{FF4AF896-149A-4E2A-A1F3-9A704DC1B65A}.Debug|x64.Build.0 = Debug|Any CPU
		{FF4AF896-149A-4E2A-A1F3-9A704DC1B65A}.Debug|x86.ActiveCfg = Debug|Any CPU
		{FF4AF896-149A-4E2A-A1F3-9A704DC1B65A}.Debug|x86.Build.0 = Debug|Any CPU
		{FF4AF896-149A-4E2A-A1F3-9A704DC1B65A}.Release|Any CPU.ActiveCfg = Release|Any CPU
		{FF4AF896-149A-4E2A-A1F3-9A704DC1B65A}.Release|Any CPU.Build.0 = Release|Any CPU
		{FF4AF896-149A-4E2A-A1F3-9A704DC1B65A}.Release|x64.ActiveCfg = Release|Any CPU
		{FF4AF896-149A-4E2A-A1F3-9A704DC1B65A}.Release|x64.Build.0 = Release|Any CPU
		{FF4AF896-149A-4E2A-A1F3-9A704DC1B65A}.Release|x86.ActiveCfg = Release|Any CPU
		{FF4AF896-149A-4E2A-A1F3-9A704DC1B65A}.Release|x86.Build.0 = Release|Any CPU
	EndGlobalSection
	GlobalSection(SolutionProperties) = preSolution
		HideSolutionNode = FALSE
	EndGlobalSection
	GlobalSection(NestedProjects) = preSolution
		{0A3A60FC-4CF6-40F5-99E3-3CDF64E592BC} = {827E0CD3-B72D-47B6-A68D-7590B98EB39B}
		{8FC3F8E8-BCAA-4091-9760-B324C91EA257} = {827E0CD3-B72D-47B6-A68D-7590B98EB39B}
		{49D49885-7ECE-4404-B2F0-CACE45F527EA} = {827E0CD3-B72D-47B6-A68D-7590B98EB39B}
		{5E6E63FA-F836-45C8-8441-F5CF1FF5765D} = {827E0CD3-B72D-47B6-A68D-7590B98EB39B}
		{3CB0C356-06A0-42B3-84A4-C9A0B54D50F8} = {827E0CD3-B72D-47B6-A68D-7590B98EB39B}
		{56B4469A-38BD-44C0-9DF2-88AAF0AD11A0} = {0AB3BF05-4346-4AA6-1389-037BE0695223}
		{2F5BCC8F-E5BD-43BA-A2F5-0253E3D7CE73} = {0AB3BF05-4346-4AA6-1389-037BE0695223}
		{FF4AF896-149A-4E2A-A1F3-9A704DC1B65A} = {0AB3BF05-4346-4AA6-1389-037BE0695223}
	EndGlobalSection
EndGlobal
